<?xml version="1.0" encoding="utf-8"?>
<Project ToolsVersion="4.0" xmlns="http://schemas.microsoft.com/developer/msbuild/2003">
  <ItemGroup>
    <Filter Include="docs">
      <UniqueIdentifier>{375ded8d-7948-416f-a747-b88011ca15b3}</UniqueIdentifier>
    </Filter>
    <Filter Include="bitstream">
      <UniqueIdentifier>{55b0262e-6c53-4295-87a1-5172d505c661}</UniqueIdentifier>
    </Filter>
    <Filter Include="bitstream\bitstream_asm">
      <UniqueIdentifier>{3f7b1e13-6cb8-438f-bd6f-f6b4da282a24}</UniqueIdentifier>
    </Filter>
    <Filter Include="bitstream\bitstream_h">
      <UniqueIdentifier>{483df775-1da4-49d3-9671-43ccc2b1c3c4}</UniqueIdentifier>
    </Filter>
    <Filter Include="dct">
      <UniqueIdentifier>{d1b43634-b9bb-4ec3-9eb5-c87dfa406f5b}</UniqueIdentifier>
    </Filter>
    <Filter Include="dct\dct_asm">
      <UniqueIdentifier>{65322dda-887f-46ff-97d6-c65bcacedbc4}</UniqueIdentifier>
    </Filter>
    <Filter Include="dct\dct_h">
      <UniqueIdentifier>{5e134421-1b58-4db7-b3fc-df34a543b0d0}</UniqueIdentifier>
    </Filter>
    <Filter Include="image">
      <UniqueIdentifier>{3c019ca0-2464-42d6-a2dc-4179a0cfb3a9}</UniqueIdentifier>
    </Filter>
    <Filter Include="image\image_asm">
      <UniqueIdentifier>{4e50616a-e1df-4dd7-ac5d-9dfe082242a7}</UniqueIdentifier>
    </Filter>
    <Filter Include="image\image_h">
      <UniqueIdentifier>{34390a76-b601-45b1-847b-6467f3cf3ad6}</UniqueIdentifier>
    </Filter>
    <Filter Include="motion">
      <UniqueIdentifier>{c80c440d-664a-45eb-95e6-bd326ee4cdc8}</UniqueIdentifier>
    </Filter>
    <Filter Include="motion\motion_asm">
      <UniqueIdentifier>{6769a105-3f02-4e75-8e88-b7c426610810}</UniqueIdentifier>
    </Filter>
    <Filter Include="motion\motion_h">
      <UniqueIdentifier>{48bca10b-8519-4cbb-8708-b3e56f697df5}</UniqueIdentifier>
    </Filter>
    <Filter Include="prediction">
      <UniqueIdentifier>{1f481aaa-59dd-49d3-9240-0d414ea24552}</UniqueIdentifier>
    </Filter>
    <Filter Include="prediction\prediction_h">
      <UniqueIdentifier>{97e7812b-9842-4145-a2e6-8fa7decf4210}</UniqueIdentifier>
    </Filter>
    <Filter Include="quant">
      <UniqueIdentifier>{6c782d1d-424a-4f86-96b8-7394408fa804}</UniqueIdentifier>
    </Filter>
    <Filter Include="quant\quant_asm">
      <UniqueIdentifier>{a1acd0ec-6475-4d6c-a23c-a4ab0408b684}</UniqueIdentifier>
    </Filter>
    <Filter Include="quant\quant_h">
      <UniqueIdentifier>{36adde38-8a08-4fc2-8468-0abd61ffc3b6}</UniqueIdentifier>
    </Filter>
    <Filter Include="utils">
      <UniqueIdentifier>{76d233e0-2c85-4f60-a974-2daee7b0f4bd}</UniqueIdentifier>
    </Filter>
    <Filter Include="utils\utils_asm">
      <UniqueIdentifier>{0f00b666-77dd-4a15-aa97-cba855d61766}</UniqueIdentifier>
    </Filter>
    <Filter Include="utils\utils_h">
      <UniqueIdentifier>{ec9a822e-8c7f-4d70-bbc9-011fc0bb3cf3}</UniqueIdentifier>
    </Filter>
    <Filter Include="xvid_h">
      <UniqueIdentifier>{2ec43730-c23b-497a-90bb-5fa0e4edcc8d}</UniqueIdentifier>
    </Filter>
    <Filter Include="plugins">
      <UniqueIdentifier>{579edaf1-9e33-42e2-8c37-554cfbb82270}</UniqueIdentifier>
    </Filter>
    <Filter Include="plugins\plugins_asm">
      <UniqueIdentifier>{f87f7273-9027-47e3-86f8-e0009e7551db}</UniqueIdentifier>
    </Filter>
  </ItemGroup>
  <ItemGroup>
    <None Include="..\..\AUTHORS">
      <Filter>docs</Filter>
    </None>
    <None Include="..\..\ChangeLog">
      <Filter>docs</Filter>
    </None>
    <None Include="..\..\CodingStyle">
      <Filter>docs</Filter>
    </None>
    <None Include="..\..\doc\INSTALL">
      <Filter>docs</Filter>
    </None>
    <None Include="..\..\LICENSE">
      <Filter>docs</Filter>
    </None>
    <None Include="..\..\doc\README">
      <Filter>docs</Filter>
    </None>
    <None Include="..\..\README">
      <Filter>docs</Filter>
    </None>
    <None Include="..\..\TODO">
      <Filter>docs</Filter>
    </None>
    <None Include="..\..\src\image\x86_asm\colorspace_mmx.inc">
      <Filter>image\image_asm</Filter>
    </None>
    <None Include="..\generic\libxvidcore.def" />
  </ItemGroup>
  <ItemGroup>
    <ClCompile Include="..\..\src\bitstream\bitstream.c">
      <Filter>bitstream</Filter>
    </ClCompile>
    <ClCompile Include="..\..\src\bitstream\cbp.c">
      <Filter>bitstream</Filter>
    </ClCompile>
    <ClCompile Include="..\..\src\bitstream\mbcoding.c">
      <Filter>bitstream</Filter>
    </ClCompile>
    <ClCompile Include="..\..\src\dct\fdct.c">
      <Filter>dct</Filter>
    </ClCompile>
    <ClCompile Include="..\..\src\dct\idct.c">
      <Filter>dct</Filter>
    </ClCompile>
    <ClCompile Include="..\..\src\dct\simple_idct.c">
      <Filter>dct</Filter>
    </ClCompile>
    <ClCompile Include="..\..\src\image\colorspace.c">
      <Filter>image</Filter>
    </ClCompile>
    <ClCompile Include="..\..\src\image\font.c">
      <Filter>image</Filter>
    </ClCompile>
    <ClCompile Include="..\..\src\image\image.c">
      <Filter>image</Filter>
    </ClCompile>
    <ClCompile Include="..\..\src\image\interpolate8x8.c">
      <Filter>image</Filter>
    </ClCompile>
    <ClCompile Include="..\..\src\image\postprocessing.c">
      <Filter>image</Filter>
    </ClCompile>
    <ClCompile Include="..\..\src\image\qpel.c">
      <Filter>image</Filter>
    </ClCompile>
    <ClCompile Include="..\..\src\image\reduced.c">
      <Filter>image</Filter>
    </ClCompile>
    <ClCompile Include="..\..\src\motion\estimation_bvop.c">
      <Filter>motion</Filter>
    </ClCompile>
    <ClCompile Include="..\..\src\motion\estimation_common.c">
      <Filter>motion</Filter>
    </ClCompile>
    <ClCompile Include="..\..\src\motion\estimation_gmc.c">
      <Filter>motion</Filter>
    </ClCompile>
    <ClCompile Include="..\..\src\motion\estimation_pvop.c">
      <Filter>motion</Filter>
    </ClCompile>
    <ClCompile Include="..\..\src\motion\estimation_rd_based.c">
      <Filter>motion</Filter>
    </ClCompile>
    <ClCompile Include="..\..\src\motion\estimation_rd_based_bvop.c">
      <Filter>motion</Filter>
    </ClCompile>
    <ClCompile Include="..\..\src\motion\gmc.c">
      <Filter>motion</Filter>
    </ClCompile>
    <ClCompile Include="..\..\src\motion\motion_comp.c">
      <Filter>motion</Filter>
    </ClCompile>
    <ClCompile Include="..\..\src\motion\sad.c">
      <Filter>motion</Filter>
    </ClCompile>
    <ClCompile Include="..\..\src\motion\vop_type_decision.c">
      <Filter>motion</Filter>
    </ClCompile>
    <ClCompile Include="..\..\src\prediction\mbprediction.c">
      <Filter>prediction</Filter>
    </ClCompile>
    <ClCompile Include="..\..\src\quant\quant_h263.c">
      <Filter>quant</Filter>
    </ClCompile>
    <ClCompile Include="..\..\src\quant\quant_matrix.c">
      <Filter>quant</Filter>
    </ClCompile>
    <ClCompile Include="..\..\src\quant\quant_mpeg.c">
      <Filter>quant</Filter>
    </ClCompile>
    <ClCompile Include="..\..\src\utils\emms.c">
      <Filter>utils</Filter>
    </ClCompile>
    <ClCompile Include="..\..\src\utils\mbtransquant.c">
      <Filter>utils</Filter>
    </ClCompile>
    <ClCompile Include="..\..\src\utils\mem_align.c">
      <Filter>utils</Filter>
    </ClCompile>
    <ClCompile Include="..\..\src\utils\mem_transfer.c">
      <Filter>utils</Filter>
    </ClCompile>
    <ClCompile Include="..\..\src\utils\timer.c">
      <Filter>utils</Filter>
    </ClCompile>
    <ClCompile Include="..\..\src\plugins\plugin_2pass1.c">
      <Filter>plugins</Filter>
    </ClCompile>
    <ClCompile Include="..\..\src\plugins\plugin_2pass2.c">
      <Filter>plugins</Filter>
    </ClCompile>
    <ClCompile Include="..\..\src\plugins\plugin_dump.c">
      <Filter>plugins</Filter>
    </ClCompile>
    <ClCompile Include="..\..\src\plugins\plugin_lumimasking.c">
      <Filter>plugins</Filter>
    </ClCompile>
    <ClCompile Include="..\..\src\plugins\plugin_psnr.c">
      <Filter>plugins</Filter>
    </ClCompile>
    <ClCompile Include="..\..\src\plugins\plugin_psnrhvsm.c">
      <Filter>plugins</Filter>
    </ClCompile>
    <ClCompile Include="..\..\src\plugins\plugin_single.c">
      <Filter>plugins</Filter>
    </ClCompile>
    <ClCompile Include="..\..\src\plugins\plugin_ssim.c">
      <Filter>plugins</Filter>
    </ClCompile>
    <ClCompile Include="..\..\src\decoder.c" />
    <ClCompile Include="..\..\src\encoder.c" />
    <ClCompile Include="..\..\src\xvid.c" />
  </ItemGroup>
  <ItemGroup>
    <ClInclude Include="..\..\src\bitstream\bitstream.h">
      <Filter>bitstream\bitstream_h</Filter>
    </ClInclude>
    <ClInclude Include="..\..\src\bitstream\cbp.h">
      <Filter>bitstream\bitstream_h</Filter>
    </ClInclude>
    <ClInclude Include="..\..\src\bitstream\mbcoding.h">
      <Filter>bitstream\bitstream_h</Filter>
    </ClInclude>
    <ClInclude Include="..\..\src\bitstream\vlc_codes.h">
      <Filter>bitstream\bitstream_h</Filter>
    </ClInclude>
    <ClInclude Include="..\..\src\bitstream\zigzag.h">
      <Filter>bitstream\bitstream_h</Filter>
    </ClInclude>
    <ClInclude Include="..\..\src\dct\fdct.h">
      <Filter>dct\dct_h</Filter>
    </ClInclude>
    <ClInclude Include="..\..\src\dct\idct.h">
      <Filter>dct\dct_h</Filter>
    </ClInclude>
    <ClInclude Include="..\..\src\image\colorspace.h">
      <Filter>image\image_h</Filter>
    </ClInclude>
    <ClInclude Include="..\..\src\image\font.h">
      <Filter>image\image_h</Filter>
    </ClInclude>
    <ClInclude Include="..\..\src\image\image.h">
      <Filter>image\image_h</Filter>
    </ClInclude>
    <ClInclude Include="..\..\src\image\interpolate8x8.h">
      <Filter>image\image_h</Filter>
    </ClInclude>
    <ClInclude Include="..\..\src\image\postprocessing.h">
      <Filter>image\image_h</Filter>
    </ClInclude>
    <ClInclude Include="..\..\src\image\qpel.h">
      <Filter>image\image_h</Filter>
    </ClInclude>
    <ClInclude Include="..\..\src\image\reduced.h">
      <Filter>image\image_h</Filter>
    </ClInclude>
    <ClInclude Include="..\..\src\motion\estimation.h">
      <Filter>motion\motion_h</Filter>
    </ClInclude>
    <ClInclude Include="..\..\src\motion\gmc.h">
      <Filter>motion\motion_h</Filter>
    </ClInclude>
    <ClInclude Include="..\..\src\motion\motion.h">
      <Filter>motion\motion_h</Filter>
    </ClInclude>
    <ClInclude Include="..\..\src\motion\motion_inlines.h">
      <Filter>motion\motion_h</Filter>
    </ClInclude>
    <ClInclude Include="..\..\src\motion\sad.h">
      <Filter>motion\motion_h</Filter>
    </ClInclude>
    <ClInclude Include="..\..\src\prediction\mbprediction.h">
      <Filter>prediction\prediction_h</Filter>
    </ClInclude>
    <ClInclude Include="..\..\src\quant\quant.h">
      <Filter>quant\quant_h</Filter>
    </ClInclude>
    <ClInclude Include="..\..\src\quant\quant_matrix.h">
      <Filter>quant\quant_h</Filter>
    </ClInclude>
    <ClInclude Include="..\..\src\utils\emms.h">
      <Filter>utils\utils_h</Filter>
    </ClInclude>
    <ClInclude Include="..\..\src\utils\mbfunctions.h">
      <Filter>utils\utils_h</Filter>
    </ClInclude>
    <ClInclude Include="..\..\src\utils\mem_align.h">
      <Filter>utils\utils_h</Filter>
    </ClInclude>
    <ClInclude Include="..\..\src\utils\mem_transfer.h">
      <Filter>utils\utils_h</Filter>
    </ClInclude>
    <ClInclude Include="..\..\src\utils\ratecontrol.h">
      <Filter>utils\utils_h</Filter>
    </ClInclude>
    <ClInclude Include="..\..\src\utils\timer.h">
      <Filter>utils\utils_h</Filter>
    </ClInclude>
    <ClInclude Include="..\..\src\decoder.h">
      <Filter>xvid_h</Filter>
    </ClInclude>
    <ClInclude Include="..\..\src\encoder.h">
      <Filter>xvid_h</Filter>
    </ClInclude>
    <ClInclude Include="..\..\src\global.h">
      <Filter>xvid_h</Filter>
    </ClInclude>
    <ClInclude Include="..\..\src\portab.h">
      <Filter>xvid_h</Filter>
    </ClInclude>
    <ClInclude Include="..\..\src\xvid.h">
      <Filter>xvid_h</Filter>
    </ClInclude>
  </ItemGroup>
  <ItemGroup>
    <CustomBuild Include="..\..\src\bitstream\x86_asm\cbp_mmx.asm">
      <Filter>bitstream\bitstream_asm</Filter>
    </CustomBuild>
    <CustomBuild Include="..\..\src\bitstream\x86_asm\cbp_sse2.asm">
      <Filter>bitstream\bitstream_asm</Filter>
    </CustomBuild>
    <CustomBuild Include="..\..\src\dct\x86_asm\fdct_mmx_ffmpeg.asm">
      <Filter>dct\dct_asm</Filter>
    </CustomBuild>
    <CustomBuild Include="..\..\src\dct\x86_asm\fdct_mmx_skal.asm">
      <Filter>dct\dct_asm</Filter>
    </CustomBuild>
    <CustomBuild Include="..\..\src\dct\x86_asm\fdct_sse2_skal.asm">
      <Filter>dct\dct_asm</Filter>
    </CustomBuild>
    <CustomBuild Include="..\..\src\dct\x86_asm\idct_3dne.asm">
      <Filter>dct\dct_asm</Filter>
    </CustomBuild>
    <CustomBuild Include="..\..\src\dct\x86_asm\idct_mmx.asm">
      <Filter>dct\dct_asm</Filter>
    </CustomBuild>
    <CustomBuild Include="..\..\src\dct\x86_asm\idct_sse2_dmitry.asm">
      <Filter>dct\dct_asm</Filter>
    </CustomBuild>
    <CustomBuild Include="..\..\src\image\x86_asm\colorspace_rgb_mmx.asm">
      <Filter>image\image_asm</Filter>
    </CustomBuild>
    <CustomBuild Include="..\..\src\image\x86_asm\colorspace_yuv_mmx.asm">
      <Filter>image\image_asm</Filter>
    </CustomBuild>
    <CustomBuild Include="..\..\src\image\x86_asm\colorspace_yuyv_mmx.asm">
      <Filter>image\image_asm</Filter>
    </CustomBuild>
    <CustomBuild Include="..\..\src\image\x86_asm\deintl_sse.asm">
      <Filter>image\image_asm</Filter>
    </CustomBuild>
    <CustomBuild Include="..\..\src\image\x86_asm\gmc_mmx.asm">
      <Filter>image\image_asm</Filter>
    </CustomBuild>
    <CustomBuild Include="..\..\src\image\x86_asm\interpolate8x8_3dn.asm">
      <Filter>image\image_asm</Filter>
    </CustomBuild>
    <CustomBuild Include="..\..\src\image\x86_asm\interpolate8x8_3dne.asm">
      <Filter>image\image_asm</Filter>
    </CustomBuild>
    <CustomBuild Include="..\..\src\image\x86_asm\interpolate8x8_mmx.asm">
      <Filter>image\image_asm</Filter>
    </CustomBuild>
    <CustomBuild Include="..\..\src\image\x86_asm\interpolate8x8_xmm.asm">
      <Filter>image\image_asm</Filter>
    </CustomBuild>
    <CustomBuild Include="..\..\src\image\x86_asm\postprocessing_mmx.asm">
      <Filter>image\image_asm</Filter>
    </CustomBuild>
    <CustomBuild Include="..\..\src\image\x86_asm\postprocessing_sse2.asm">
      <Filter>image\image_asm</Filter>
    </CustomBuild>
    <CustomBuild Include="..\..\src\image\x86_asm\qpel_mmx.asm">
      <Filter>image\image_asm</Filter>
    </CustomBuild>
    <CustomBuild Include="..\..\src\image\x86_asm\reduced_mmx.asm">
      <Filter>image\image_asm</Filter>
    </CustomBuild>
    <CustomBuild Include="..\..\src\motion\x86_asm\sad_3dn.asm">
      <Filter>motion\motion_asm</Filter>
    </CustomBuild>
    <CustomBuild Include="..\..\src\motion\x86_asm\sad_3dne.asm">
      <Filter>motion\motion_asm</Filter>
    </CustomBuild>
    <CustomBuild Include="..\..\src\motion\x86_asm\sad_mmx.asm">
      <Filter>motion\motion_asm</Filter>
    </CustomBuild>
    <CustomBuild Include="..\..\src\motion\x86_asm\sad_sse2.asm">
      <Filter>motion\motion_asm</Filter>
    </CustomBuild>
    <CustomBuild Include="..\..\src\motion\x86_asm\sad_xmm.asm">
      <Filter>motion\motion_asm</Filter>
    </CustomBuild>
    <CustomBuild Include="..\..\src\quant\x86_asm\quantize_h263_3dne.asm">
      <Filter>quant\quant_asm</Filter>
    </CustomBuild>
    <CustomBuild Include="..\..\src\quant\x86_asm\quantize_h263_mmx.asm">
      <Filter>quant\quant_asm</Filter>
    </CustomBuild>
    <CustomBuild Include="..\..\src\quant\x86_asm\quantize_mpeg_mmx.asm">
      <Filter>quant\quant_asm</Filter>
    </CustomBuild>
    <CustomBuild Include="..\..\src\quant\x86_asm\quantize_mpeg_xmm.asm">
      <Filter>quant\quant_asm</Filter>
    </CustomBuild>
    <CustomBuild Include="..\..\src\utils\x86_asm\cpuid.asm">
      <Filter>utils\utils_asm</Filter>
    </CustomBuild>
    <CustomBuild Include="..\..\src\utils\x86_asm\interlacing_mmx.asm">
      <Filter>utils\utils_asm</Filter>
    </CustomBuild>
    <CustomBuild Include="..\..\src\utils\x86_asm\mem_transfer_3dne.asm">
      <Filter>utils\utils_asm</Filter>
    </CustomBuild>
    <CustomBuild Include="..\..\src\utils\x86_asm\mem_transfer_mmx.asm">
      <Filter>utils\utils_asm</Filter>
    </CustomBuild>
    <CustomBuild Include="..\..\src\plugins\x86_asm\plugin_ssim-a.asm">
      <Filter>plugins\plugins_asm</Filter>
    </CustomBuild>
  </ItemGroup>
</Project>